// !$*UTF8*$!
{
	archiveVersion = 1;
	classes = {
	};
	objectVersion = 46;
	objects = {

/* Begin PBXBuildFile section */
		F57932A318B886950096E22D /* Foundation.framework in Frameworks */ = {isa = PBXBuildFile; fileRef = F57932A218B886950096E22D /* Foundation.framework */; };
		F57932A518B886950096E22D /* CoreGraphics.framework in Frameworks */ = {isa = PBXBuildFile; fileRef = F57932A418B886950096E22D /* CoreGraphics.framework */; };
		F57932A718B886950096E22D /* UIKit.framework in Frameworks */ = {isa = PBXBuildFile; fileRef = F57932A618B886950096E22D /* UIKit.framework */; };
		F57932AD18B886950096E22D /* InfoPlist.strings in Resources */ = {isa = PBXBuildFile; fileRef = F57932AB18B886950096E22D /* InfoPlist.strings */; };
		F57932AF18B886950096E22D /* main.m in Sources */ = {isa = PBXBuildFile; fileRef = F57932AE18B886950096E22D /* main.m */; };
		F57932B318B886950096E22D /* FFAppDelegate.m in Sources */ = {isa = PBXBuildFile; fileRef = F57932B218B886950096E22D /* FFAppDelegate.m */; };
		F57932B618B886950096E22D /* Main.storyboard in Resources */ = {isa = PBXBuildFile; fileRef = F57932B418B886950096E22D /* Main.storyboard */; };
		F57932B918B886950096E22D /* FFViewController.m in Sources */ = {isa = PBXBuildFile; fileRef = F57932B818B886950096E22D /* FFViewController.m */; };
		F57932C218B886950096E22D /* XCTest.framework in Frameworks */ = {isa = PBXBuildFile; fileRef = F57932C118B886950096E22D /* XCTest.framework */; };
		F57932C318B886950096E22D /* Foundation.framework in Frameworks */ = {isa = PBXBuildFile; fileRef = F57932A218B886950096E22D /* Foundation.framework */; };
		F57932C418B886950096E22D /* UIKit.framework in Frameworks */ = {isa = PBXBuildFile; fileRef = F57932A618B886950096E22D /* UIKit.framework */; };
		F57932CC18B886950096E22D /* InfoPlist.strings in Resources */ = {isa = PBXBuildFile; fileRef = F57932CA18B886950096E22D /* InfoPlist.strings */; };
		F57932CE18B886950096E22D /* FF__iConCreatorTests.m in Sources */ = {isa = PBXBuildFile; fileRef = F57932CD18B886950096E22D /* FF__iConCreatorTests.m */; };
		F5BD05B918B89FBA00EE5B5D /* Images.xcassets in Resources */ = {isa = PBXBuildFile; fileRef = F5BD05B818B89FBA00EE5B5D /* Images.xcassets */; };
		F5BD05BB18B8A1F900EE5B5D /* AssetsLibrary.framework in Frameworks */ = {isa = PBXBuildFile; fileRef = F5BD05BA18B8A1F900EE5B5D /* AssetsLibrary.framework */; };
		F5BD05BE18B8A45D00EE5B5D /* FFSelectGroundCompanyViewController.m in Sources */ = {isa = PBXBuildFile; fileRef = F5BD05BD18B8A45D00EE5B5D /* FFSelectGroundCompanyViewController.m */; };
		F5CAB7FF18B88E5A00E8172C /* ffxiv_twf3.png in Resources */ = {isa = PBXBuildFile; fileRef = F5CAB7FC18B88E5A00E8172C /* ffxiv_twf3.png */; };
		F5CAB80018B88E5A00E8172C /* ffxiv_twf1.png in Resources */ = {isa = PBXBuildFile; fileRef = F5CAB7FD18B88E5A00E8172C /* ffxiv_twf1.png */; };
		F5CAB80118B88E5A00E8172C /* ffxiv_twf2.png in Resources */ = {isa = PBXBuildFile; fileRef = F5CAB7FE18B88E5A00E8172C /* ffxiv_twf2.png */; };
		F5CAB80318B88E9D00E8172C /* ffxiv_twi1.png in Resources */ = {isa = PBXBuildFile; fileRef = F5CAB80218B88E9D00E8172C /* ffxiv_twi1.png */; };
		F5CAB84F18B8954300E8172C /* ffxiv_twi25.png in Resources */ = {isa = PBXBuildFile; fileRef = F5CAB83718B8954300E8172C /* ffxiv_twi25.png */; };
		F5CAB85018B8954300E8172C /* ffxiv_twi24.png in Resources */ = {isa = PBXBuildFile; fileRef = F5CAB83818B8954300E8172C /* ffxiv_twi24.png */; };
		F5CAB85118B8954300E8172C /* ffxiv_twi23.png in Resources */ = {isa = PBXBuildFile; fileRef = F5CAB83918B8954300E8172C /* ffxiv_twi23.png */; };
		F5CAB85218B8954300E8172C /* ffxiv_twi22.png in Resources */ = {isa = PBXBuildFile; fileRef = F5CAB83A18B8954300E8172C /* ffxiv_twi22.png */; };
		F5CAB85318B8954300E8172C /* ffxiv_twi21.png in Resources */ = {isa = PBXBuildFile; fileRef = F5CAB83B18B8954300E8172C /* ffxiv_twi21.png */; };
		F5CAB85418B8954300E8172C /* ffxiv_twi20.png in Resources */ = {isa = PBXBuildFile; fileRef = F5CAB83C18B8954300E8172C /* ffxiv_twi20.png */; };
		F5CAB85518B8954300E8172C /* ffxiv_twi19.png in Resources */ = {isa = PBXBuildFile; fileRef = F5CAB83D18B8954300E8172C /* ffxiv_twi19.png */; };
		F5CAB85618B8954300E8172C /* ffxiv_twi18.png in Resources */ = {isa = PBXBuildFile; fileRef = F5CAB83E18B8954300E8172C /* ffxiv_twi18.png */; };
		F5CAB85718B8954300E8172C /* ffxiv_twi17.png in Resources */ = {isa = PBXBuildFile; fileRef = F5CAB83F18B8954300E8172C /* ffxiv_twi17.png */; };
		F5CAB85818B8954300E8172C /* ffxiv_twi16.png in Resources */ = {isa = PBXBuildFile; fileRef = F5CAB84018B8954300E8172C /* ffxiv_twi16.png */; };
		F5CAB85918B8954300E8172C /* ffxiv_twi15.png in Resources */ = {isa = PBXBuildFile; fileRef = F5CAB84118B8954300E8172C /* ffxiv_twi15.png */; };
		F5CAB85A18B8954300E8172C /* ffxiv_twi14.png in Resources */ = {isa = PBXBuildFile; fileRef = F5CAB84218B8954300E8172C /* ffxiv_twi14.png */; };
		F5CAB85B18B8954300E8172C /* ffxiv_twi13.png in Resources */ = {isa = PBXBuildFile; fileRef = F5CAB84318B8954300E8172C /* ffxiv_twi13.png */; };
		F5CAB85C18B8954300E8172C /* ffxiv_twi12.png in Resources */ = {isa = PBXBuildFile; fileRef = F5CAB84418B8954300E8172C /* ffxiv_twi12.png */; };
		F5CAB85D18B8954300E8172C /* ffxiv_twi11.png in Resources */ = {isa = PBXBuildFile; fileRef = F5CAB84518B8954300E8172C /* ffxiv_twi11.png */; };
		F5CAB85E18B8954300E8172C /* ffxiv_twi10.png in Resources */ = {isa = PBXBuildFile; fileRef = F5CAB84618B8954300E8172C /* ffxiv_twi10.png */; };
		F5CAB85F18B8954300E8172C /* ffxiv_twi9.png in Resources */ = {isa = PBXBuildFile; fileRef = F5CAB84718B8954300E8172C /* ffxiv_twi9.png */; };
		F5CAB86018B8954300E8172C /* ffxiv_twi8.png in Resources */ = {isa = PBXBuildFile; fileRef = F5CAB84818B8954300E8172C /* ffxiv_twi8.png */; };
		F5CAB86118B8954300E8172C /* ffxiv_twi7.png in Resources */ = {isa = PBXBuildFile; fileRef = F5CAB84918B8954300E8172C /* ffxiv_twi7.png */; };
		F5CAB86218B8954300E8172C /* ffxiv_twi6.png in Resources */ = {isa = PBXBuildFile; fileRef = F5CAB84A18B8954300E8172C /* ffxiv_twi6.png */; };
		F5CAB86318B8954300E8172C /* ffxiv_twi5.png in Resources */ = {isa = PBXBuildFile; fileRef = F5CAB84B18B8954300E8172C /* ffxiv_twi5.png */; };
		F5CAB86418B8954300E8172C /* ffxiv_twi4.png in Resources */ = {isa = PBXBuildFile; fileRef = F5CAB84C18B8954300E8172C /* ffxiv_twi4.png */; };
		F5CAB86518B8954300E8172C /* ffxiv_twi3.png in Resources */ = {isa = PBXBuildFile; fileRef = F5CAB84D18B8954300E8172C /* ffxiv_twi3.png */; };
		F5CAB86618B8954300E8172C /* ffxiv_twi2.png in Resources */ = {isa = PBXBuildFile; fileRef = F5CAB84E18B8954300E8172C /* ffxiv_twi2.png */; };
/* End PBXBuildFile section */

/* Begin PBXContainerItemProxy section */
		F57932C518B886950096E22D /* PBXContainerItemProxy */ = {
			isa = PBXContainerItemProxy;
			containerPortal = F579329718B886950096E22D /* Project object */;
			proxyType = 1;
			remoteGlobalIDString = F579329E18B886950096E22D;
			remoteInfo = "FFⅩⅣiConCreator";
		};
/* End PBXContainerItemProxy section */

/* Begin PBXFileReference section */
		F579329F18B886950096E22D /* FFⅩⅣiConCreator.app */ = {isa = PBXFileReference; explicitFileType = wrapper.application; includeInIndex = 0; path = "FFⅩⅣiConCreator.app"; sourceTree = BUILT_PRODUCTS_DIR; };
		F57932A218B886950096E22D /* Foundation.framework */ = {isa = PBXFileReference; lastKnownFileType = wrapper.framework; name = Foundation.framework; path = System/Library/Frameworks/Foundation.framework; sourceTree = SDKROOT; };
		F57932A418B886950096E22D /* CoreGraphics.framework */ = {isa = PBXFileReference; lastKnownFileType = wrapper.framework; name = CoreGraphics.framework; path = System/Library/Frameworks/CoreGraphics.framework; sourceTree = SDKROOT; };
		F57932A618B886950096E22D /* UIKit.framework */ = {isa = PBXFileReference; lastKnownFileType = wrapper.framework; name = UIKit.framework; path = System/Library/Frameworks/UIKit.framework; sourceTree = SDKROOT; };
		F57932AA18B886950096E22D /* FFⅩⅣiConCreator-Info.plist */ = {isa = PBXFileReference; lastKnownFileType = text.plist.xml; path = "FFⅩⅣiConCreator-Info.plist"; sourceTree = "<group>"; };
		F57932AC18B886950096E22D /* en */ = {isa = PBXFileReference; lastKnownFileType = text.plist.strings; name = en; path = en.lproj/InfoPlist.strings; sourceTree = "<group>"; };
		F57932AE18B886950096E22D /* main.m */ = {isa = PBXFileReference; lastKnownFileType = sourcecode.c.objc; path = main.m; sourceTree = "<group>"; };
		F57932B018B886950096E22D /* FFⅩⅣiConCreator-Prefix.pch */ = {isa = PBXFileReference; lastKnownFileType = sourcecode.c.h; path = "FFⅩⅣiConCreator-Prefix.pch"; sourceTree = "<group>"; };
		F57932B118B886950096E22D /* FFAppDelegate.h */ = {isa = PBXFileReference; lastKnownFileType = sourcecode.c.h; path = FFAppDelegate.h; sourceTree = "<group>"; };
		F57932B218B886950096E22D /* FFAppDelegate.m */ = {isa = PBXFileReference; lastKnownFileType = sourcecode.c.objc; path = FFAppDelegate.m; sourceTree = "<group>"; };
		F57932B518B886950096E22D /* Base */ = {isa = PBXFileReference; lastKnownFileType = file.storyboard; name = Base; path = Base.lproj/Main.storyboard; sourceTree = "<group>"; };
		F57932B718B886950096E22D /* FFViewController.h */ = {isa = PBXFileReference; lastKnownFileType = sourcecode.c.h; path = FFViewController.h; sourceTree = "<group>"; };
		F57932B818B886950096E22D /* FFViewController.m */ = {isa = PBXFileReference; lastKnownFileType = sourcecode.c.objc; path = FFViewController.m; sourceTree = "<group>"; };
		F57932C018B886950096E22D /* FFⅩⅣiConCreatorTests.xctest */ = {isa = PBXFileReference; explicitFileType = wrapper.cfbundle; includeInIndex = 0; path = "FFⅩⅣiConCreatorTests.xctest"; sourceTree = BUILT_PRODUCTS_DIR; };
		F57932C118B886950096E22D /* XCTest.framework */ = {isa = PBXFileReference; lastKnownFileType = wrapper.framework; name = XCTest.framework; path = Library/Frameworks/XCTest.framework; sourceTree = DEVELOPER_DIR; };
		F57932C918B886950096E22D /* FFⅩⅣiConCreatorTests-Info.plist */ = {isa = PBXFileReference; lastKnownFileType = text.plist.xml; path = "FFⅩⅣiConCreatorTests-Info.plist"; sourceTree = "<group>"; };
		F57932CB18B886950096E22D /* en */ = {isa = PBXFileReference; lastKnownFileType = text.plist.strings; name = en; path = en.lproj/InfoPlist.strings; sourceTree = "<group>"; };
		F57932CD18B886950096E22D /* FF__iConCreatorTests.m */ = {isa = PBXFileReference; lastKnownFileType = sourcecode.c.objc; path = FF__iConCreatorTests.m; sourceTree = "<group>"; };
		F5BD05B818B89FBA00EE5B5D /* Images.xcassets */ = {isa = PBXFileReference; lastKnownFileType = folder.assetcatalog; path = Images.xcassets; sourceTree = "<group>"; };
		F5BD05BA18B8A1F900EE5B5D /* AssetsLibrary.framework */ = {isa = PBXFileReference; lastKnownFileType = wrapper.framework; name = AssetsLibrary.framework; path = System/Library/Frameworks/AssetsLibrary.framework; sourceTree = SDKROOT; };
		F5BD05BC18B8A45D00EE5B5D /* FFSelectGroundCompanyViewController.h */ = {isa = PBXFileReference; fileEncoding = 4; lastKnownFileType = sourcecode.c.h; path = FFSelectGroundCompanyViewController.h; sourceTree = "<group>"; };
		F5BD05BD18B8A45D00EE5B5D /* FFSelectGroundCompanyViewController.m */ = {isa = PBXFileReference; fileEncoding = 4; lastKnownFileType = sourcecode.c.objc; path = FFSelectGroundCompanyViewController.m; sourceTree = "<group>"; };
		F5CAB7FC18B88E5A00E8172C /* ffxiv_twf3.png */ = {isa = PBXFileReference; lastKnownFileType = image.png; name = ffxiv_twf3.png; path = frame/ffxiv_twf3.png; sourceTree = "<group>"; };
		F5CAB7FD18B88E5A00E8172C /* ffxiv_twf1.png */ = {isa = PBXFileReference; lastKnownFileType = image.png; name = ffxiv_twf1.png; path = frame/ffxiv_twf1.png; sourceTree = "<group>"; };
		F5CAB7FE18B88E5A00E8172C /* ffxiv_twf2.png */ = {isa = PBXFileReference; lastKnownFileType = image.png; name = ffxiv_twf2.png; path = frame/ffxiv_twf2.png; sourceTree = "<group>"; };
		F5CAB80218B88E9D00E8172C /* ffxiv_twi1.png */ = {isa = PBXFileReference; lastKnownFileType = image.png; path = ffxiv_twi1.png; sourceTree = "<group>"; };
		F5CAB83718B8954300E8172C /* ffxiv_twi25.png */ = {isa = PBXFileReference; lastKnownFileType = image.png; path = ffxiv_twi25.png; sourceTree = "<group>"; };
		F5CAB83818B8954300E8172C /* ffxiv_twi24.png */ = {isa = PBXFileReference; lastKnownFileType = image.png; path = ffxiv_twi24.png; sourceTree = "<group>"; };
		F5CAB83918B8954300E8172C /* ffxiv_twi23.png */ = {isa = PBXFileReference; lastKnownFileType = image.png; path = ffxiv_twi23.png; sourceTree = "<group>"; };
		F5CAB83A18B8954300E8172C /* ffxiv_twi22.png */ = {isa = PBXFileReference; lastKnownFileType = image.png; path = ffxiv_twi22.png; sourceTree = "<group>"; };
		F5CAB83B18B8954300E8172C /* ffxiv_twi21.png */ = {isa = PBXFileReference; lastKnownFileType = image.png; path = ffxiv_twi21.png; sourceTree = "<group>"; };
		F5CAB83C18B8954300E8172C /* ffxiv_twi20.png */ = {isa = PBXFileReference; lastKnownFileType = image.png; path = ffxiv_twi20.png; sourceTree = "<group>"; };
		F5CAB83D18B8954300E8172C /* ffxiv_twi19.png */ = {isa = PBXFileReference; lastKnownFileType = image.png; path = ffxiv_twi19.png; sourceTree = "<group>"; };
		F5CAB83E18B8954300E8172C /* ffxiv_twi18.png */ = {isa = PBXFileReference; lastKnownFileType = image.png; path = ffxiv_twi18.png; sourceTree = "<group>"; };
		F5CAB83F18B8954300E8172C /* ffxiv_twi17.png */ = {isa = PBXFileReference; lastKnownFileType = image.png; path = ffxiv_twi17.png; sourceTree = "<group>"; };
		F5CAB84018B8954300E8172C /* ffxiv_twi16.png */ = {isa = PBXFileReference; lastKnownFileType = image.png; path = ffxiv_twi16.png; sourceTree = "<group>"; };
		F5CAB84118B8954300E8172C /* ffxiv_twi15.png */ = {isa = PBXFileReference; lastKnownFileType = image.png; path = ffxiv_twi15.png; sourceTree = "<group>"; };
		F5CAB84218B8954300E8172C /* ffxiv_twi14.png */ = {isa = PBXFileReference; lastKnownFileType = image.png; path = ffxiv_twi14.png; sourceTree = "<group>"; };
		F5CAB84318B8954300E8172C /* ffxiv_twi13.png */ = {isa = PBXFileReference; lastKnownFileType = image.png; path = ffxiv_twi13.png; sourceTree = "<group>"; };
		F5CAB84418B8954300E8172C /* ffxiv_twi12.png */ = {isa = PBXFileReference; lastKnownFileType = image.png; path = ffxiv_twi12.png; sourceTree = "<group>"; };
		F5CAB84518B8954300E8172C /* ffxiv_twi11.png */ = {isa = PBXFileReference; lastKnownFileType = image.png; path = ffxiv_twi11.png; sourceTree = "<group>"; };
		F5CAB84618B8954300E8172C /* ffxiv_twi10.png */ = {isa = PBXFileReference; lastKnownFileType = image.png; path = ffxiv_twi10.png; sourceTree = "<group>"; };
		F5CAB84718B8954300E8172C /* ffxiv_twi9.png */ = {isa = PBXFileReference; lastKnownFileType = image.png; path = ffxiv_twi9.png; sourceTree = "<group>"; };
		F5CAB84818B8954300E8172C /* ffxiv_twi8.png */ = {isa = PBXFileReference; lastKnownFileType = image.png; path = ffxiv_twi8.png; sourceTree = "<group>"; };
		F5CAB84918B8954300E8172C /* ffxiv_twi7.png */ = {isa = PBXFileReference; lastKnownFileType = image.png; path = ffxiv_twi7.png; sourceTree = "<group>"; };
		F5CAB84A18B8954300E8172C /* ffxiv_twi6.png */ = {isa = PBXFileReference; lastKnownFileType = image.png; path = ffxiv_twi6.png; sourceTree = "<group>"; };
		F5CAB84B18B8954300E8172C /* ffxiv_twi5.png */ = {isa = PBXFileReference; lastKnownFileType = image.png; path = ffxiv_twi5.png; sourceTree = "<group>"; };
		F5CAB84C18B8954300E8172C /* ffxiv_twi4.png */ = {isa = PBXFileReference; lastKnownFileType = image.png; path = ffxiv_twi4.png; sourceTree = "<group>"; };
		F5CAB84D18B8954300E8172C /* ffxiv_twi3.png */ = {isa = PBXFileReference; lastKnownFileType = image.png; path = ffxiv_twi3.png; sourceTree = "<group>"; };
		F5CAB84E18B8954300E8172C /* ffxiv_twi2.png */ = {isa = PBXFileReference; lastKnownFileType = image.png; path = ffxiv_twi2.png; sourceTree = "<group>"; };
/* End PBXFileReference section */

/* Begin PBXFrameworksBuildPhase section */
		F579329C18B886950096E22D /* Frameworks */ = {
			isa = PBXFrameworksBuildPhase;
			buildActionMask = 2147483647;
			files = (
				F5BD05BB18B8A1F900EE5B5D /* AssetsLibrary.framework in Frameworks */,
				F57932A518B886950096E22D /* CoreGraphics.framework in Frameworks */,
				F57932A718B886950096E22D /* UIKit.framework in Frameworks */,
				F57932A318B886950096E22D /* Foundation.framework in Frameworks */,
			);
			runOnlyForDeploymentPostprocessing = 0;
		};
		F57932BD18B886950096E22D /* Frameworks */ = {
			isa = PBXFrameworksBuildPhase;
			buildActionMask = 2147483647;
			files = (
				F57932C218B886950096E22D /* XCTest.framework in Frameworks */,
				F57932C418B886950096E22D /* UIKit.framework in Frameworks */,
				F57932C318B886950096E22D /* Foundation.framework in Frameworks */,
			);
			runOnlyForDeploymentPostprocessing = 0;
		};
/* End PBXFrameworksBuildPhase section */

/* Begin PBXGroup section */
		F579329618B886950096E22D = {
			isa = PBXGroup;
			children = (
				F5CAB7C018B889CD00E8172C /* Resource */,
				F57932A818B886950096E22D /* FFⅩⅣiConCreator */,
				F57932C718B886950096E22D /* FFⅩⅣiConCreatorTests */,
				F57932A118B886950096E22D /* Frameworks */,
				F57932A018B886950096E22D /* Products */,
			);
			sourceTree = "<group>";
		};
		F57932A018B886950096E22D /* Products */ = {
			isa = PBXGroup;
			children = (
				F579329F18B886950096E22D /* FFⅩⅣiConCreator.app */,
				F57932C018B886950096E22D /* FFⅩⅣiConCreatorTests.xctest */,
			);
			name = Products;
			sourceTree = "<group>";
		};
		F57932A118B886950096E22D /* Frameworks */ = {
			isa = PBXGroup;
			children = (
				F5BD05BA18B8A1F900EE5B5D /* AssetsLibrary.framework */,
				F57932A218B886950096E22D /* Foundation.framework */,
				F57932A418B886950096E22D /* CoreGraphics.framework */,
				F57932A618B886950096E22D /* UIKit.framework */,
				F57932C118B886950096E22D /* XCTest.framework */,
			);
			name = Frameworks;
			sourceTree = "<group>";
		};
		F57932A818B886950096E22D /* FFⅩⅣiConCreator */ = {
			isa = PBXGroup;
			children = (
				F57932B118B886950096E22D /* FFAppDelegate.h */,
				F57932B218B886950096E22D /* FFAppDelegate.m */,
				F57932B418B886950096E22D /* Main.storyboard */,
				F57932B718B886950096E22D /* FFViewController.h */,
				F57932B818B886950096E22D /* FFViewController.m */,
				F5BD05B818B89FBA00EE5B5D /* Images.xcassets */,
				F57932A918B886950096E22D /* Supporting Files */,
				F5BD05BC18B8A45D00EE5B5D /* FFSelectGroundCompanyViewController.h */,
				F5BD05BD18B8A45D00EE5B5D /* FFSelectGroundCompanyViewController.m */,
			);
			path = "FFⅩⅣiConCreator";
			sourceTree = "<group>";
		};
		F57932A918B886950096E22D /* Supporting Files */ = {
			isa = PBXGroup;
			children = (
				F57932AA18B886950096E22D /* FFⅩⅣiConCreator-Info.plist */,
				F57932AB18B886950096E22D /* InfoPlist.strings */,
				F57932AE18B886950096E22D /* main.m */,
				F57932B018B886950096E22D /* FFⅩⅣiConCreator-Prefix.pch */,
			);
			name = "Supporting Files";
			sourceTree = "<group>";
		};
		F57932C718B886950096E22D /* FFⅩⅣiConCreatorTests */ = {
			isa = PBXGroup;
			children = (
				F57932CD18B886950096E22D /* FF__iConCreatorTests.m */,
				F57932C818B886950096E22D /* Supporting Files */,
			);
			path = "FFⅩⅣiConCreatorTests";
			sourceTree = "<group>";
		};
		F57932C818B886950096E22D /* Supporting Files */ = {
			isa = PBXGroup;
			children = (
				F57932C918B886950096E22D /* FFⅩⅣiConCreatorTests-Info.plist */,
				F57932CA18B886950096E22D /* InfoPlist.strings */,
			);
			name = "Supporting Files";
			sourceTree = "<group>";
		};
		F5CAB7C018B889CD00E8172C /* Resource */ = {
			isa = PBXGroup;
			children = (
				F5CAB7C918B88C1500E8172C /* iCon */,
				F5CAB7C118B889D900E8172C /* frames */,
			);
			name = Resource;
			sourceTree = "<group>";
		};
		F5CAB7C118B889D900E8172C /* frames */ = {
			isa = PBXGroup;
			children = (
				F5CAB7FC18B88E5A00E8172C /* ffxiv_twf3.png */,
				F5CAB7FD18B88E5A00E8172C /* ffxiv_twf1.png */,
				F5CAB7FE18B88E5A00E8172C /* ffxiv_twf2.png */,
			);
			name = frames;
			sourceTree = "<group>";
		};
		F5CAB7C918B88C1500E8172C /* iCon */ = {
			isa = PBXGroup;
			children = (
				F5CAB83718B8954300E8172C /* ffxiv_twi25.png */,
				F5CAB83818B8954300E8172C /* ffxiv_twi24.png */,
				F5CAB83918B8954300E8172C /* ffxiv_twi23.png */,
				F5CAB83A18B8954300E8172C /* ffxiv_twi22.png */,
				F5CAB83B18B8954300E8172C /* ffxiv_twi21.png */,
				F5CAB83C18B8954300E8172C /* ffxiv_twi20.png */,
				F5CAB83D18B8954300E8172C /* ffxiv_twi19.png */,
				F5CAB83E18B8954300E8172C /* ffxiv_twi18.png */,
				F5CAB83F18B8954300E8172C /* ffxiv_twi17.png */,
				F5CAB84018B8954300E8172C /* ffxiv_twi16.png */,
				F5CAB84118B8954300E8172C /* ffxiv_twi15.png */,
				F5CAB84218B8954300E8172C /* ffxiv_twi14.png */,
				F5CAB84318B8954300E8172C /* ffxiv_twi13.png */,
				F5CAB84418B8954300E8172C /* ffxiv_twi12.png */,
				F5CAB84518B8954300E8172C /* ffxiv_twi11.png */,
				F5CAB84618B8954300E8172C /* ffxiv_twi10.png */,
				F5CAB84718B8954300E8172C /* ffxiv_twi9.png */,
				F5CAB84818B8954300E8172C /* ffxiv_twi8.png */,
				F5CAB84918B8954300E8172C /* ffxiv_twi7.png */,
				F5CAB84A18B8954300E8172C /* ffxiv_twi6.png */,
				F5CAB84B18B8954300E8172C /* ffxiv_twi5.png */,
				F5CAB84C18B8954300E8172C /* ffxiv_twi4.png */,
				F5CAB84D18B8954300E8172C /* ffxiv_twi3.png */,
				F5CAB84E18B8954300E8172C /* ffxiv_twi2.png */,
				F5CAB80218B88E9D00E8172C /* ffxiv_twi1.png */,
			);
			path = iCon;
			sourceTree = "<group>";
		};
/* End PBXGroup section */

/* Begin PBXNativeTarget section */
		F579329E18B886950096E22D /* FFⅩⅣiConCreator */ = {
			isa = PBXNativeTarget;
			buildConfigurationList = F57932D118B886950096E22D /* Build configuration list for PBXNativeTarget "FFⅩⅣiConCreator" */;
			buildPhases = (
				F579329B18B886950096E22D /* Sources */,
				F579329C18B886950096E22D /* Frameworks */,
				F579329D18B886950096E22D /* Resources */,
			);
			buildRules = (
			);
			dependencies = (
			);
			name = "FFⅩⅣiConCreator";
			productName = "FFⅩⅣiConCreator";
			productReference = F579329F18B886950096E22D /* FFⅩⅣiConCreator.app */;
			productType = "com.apple.product-type.application";
		};
		F57932BF18B886950096E22D /* FFⅩⅣiConCreatorTests */ = {
			isa = PBXNativeTarget;
			buildConfigurationList = F57932D418B886950096E22D /* Build configuration list for PBXNativeTarget "FFⅩⅣiConCreatorTests" */;
			buildPhases = (
				F57932BC18B886950096E22D /* Sources */,
				F57932BD18B886950096E22D /* Frameworks */,
				F57932BE18B886950096E22D /* Resources */,
			);
			buildRules = (
			);
			dependencies = (
				F57932C618B886950096E22D /* PBXTargetDependency */,
			);
			name = "FFⅩⅣiConCreatorTests";
			productName = "FFⅩⅣiConCreatorTests";
			productReference = F57932C018B886950096E22D /* FFⅩⅣiConCreatorTests.xctest */;
			productType = "com.apple.product-type.bundle.unit-test";
		};
/* End PBXNativeTarget section */

/* Begin PBXProject section */
		F579329718B886950096E22D /* Project object */ = {
			isa = PBXProject;
			attributes = {
				CLASSPREFIX = FF;
				LastUpgradeCheck = 0500;
				ORGANIZATIONNAME = keito5656;
				TargetAttributes = {
					F57932BF18B886950096E22D = {
						TestTargetID = F579329E18B886950096E22D;
					};
				};
			};
			buildConfigurationList = F579329A18B886950096E22D /* Build configuration list for PBXProject "FFⅩⅣiConCreator" */;
			compatibilityVersion = "Xcode 3.2";
			developmentRegion = English;
			hasScannedForEncodings = 0;
			knownRegions = (
				en,
				Base,
			);
			mainGroup = F579329618B886950096E22D;
			productRefGroup = F57932A018B886950096E22D /* Products */;
			projectDirPath = "";
			projectRoot = "";
			targets = (
				F579329E18B886950096E22D /* FFⅩⅣiConCreator */,
				F57932BF18B886950096E22D /* FFⅩⅣiConCreatorTests */,
			);
		};
/* End PBXProject section */

/* Begin PBXResourcesBuildPhase section */
		F579329D18B886950096E22D /* Resources */ = {
			isa = PBXResourcesBuildPhase;
			buildActionMask = 2147483647;
			files = (
				F5CAB85A18B8954300E8172C /* ffxiv_twi14.png in Resources */,
				F5CAB86518B8954300E8172C /* ffxiv_twi3.png in Resources */,
				F5CAB80118B88E5A00E8172C /* ffxiv_twf2.png in Resources */,
				F5CAB85C18B8954300E8172C /* ffxiv_twi12.png in Resources */,
				F57932AD18B886950096E22D /* InfoPlist.strings in Resources */,
				F5BD05B918B89FBA00EE5B5D /* Images.xcassets in Resources */,
				F5CAB80018B88E5A00E8172C /* ffxiv_twf1.png in Resources */,
				F5CAB85718B8954300E8172C /* ffxiv_twi17.png in Resources */,
				F5CAB86218B8954300E8172C /* ffxiv_twi6.png in Resources */,
				F5CAB86018B8954300E8172C /* ffxiv_twi8.png in Resources */,
				F5CAB85B18B8954300E8172C /* ffxiv_twi13.png in Resources */,
				F5CAB85918B8954300E8172C /* ffxiv_twi15.png in Resources */,
				F5CAB85218B8954300E8172C /* ffxiv_twi22.png in Resources */,
				F5CAB85118B8954300E8172C /* ffxiv_twi23.png in Resources */,
				F5CAB7FF18B88E5A00E8172C /* ffxiv_twf3.png in Resources */,
				F57932B618B886950096E22D /* Main.storyboard in Resources */,
				F5CAB85318B8954300E8172C /* ffxiv_twi21.png in Resources */,
				F5CAB86618B8954300E8172C /* ffxiv_twi2.png in Resources */,
				F5CAB85018B8954300E8172C /* ffxiv_twi24.png in Resources */,
				F5CAB86318B8954300E8172C /* ffxiv_twi5.png in Resources */,
				F5CAB85418B8954300E8172C /* ffxiv_twi20.png in Resources */,
				F5CAB86118B8954300E8172C /* ffxiv_twi7.png in Resources */,
				F5CAB85D18B8954300E8172C /* ffxiv_twi11.png in Resources */,
				F5CAB84F18B8954300E8172C /* ffxiv_twi25.png in Resources */,
				F5CAB85618B8954300E8172C /* ffxiv_twi18.png in Resources */,
				F5CAB86418B8954300E8172C /* ffxiv_twi4.png in Resources */,
				F5CAB85818B8954300E8172C /* ffxiv_twi16.png in Resources */,
				F5CAB85518B8954300E8172C /* ffxiv_twi19.png in Resources */,
				F5CAB85F18B8954300E8172C /* ffxiv_twi9.png in Resources */,
				F5CAB85E18B8954300E8172C /* ffxiv_twi10.png in Resources */,
				F5CAB80318B88E9D00E8172C /* ffxiv_twi1.png in Resources */,
			);
			runOnlyForDeploymentPostprocessing = 0;
		};
		F57932BE18B886950096E22D /* Resources */ = {
			isa = PBXResourcesBuildPhase;
			buildActionMask = 2147483647;
			files = (
				F57932CC18B886950096E22D /* InfoPlist.strings in Resources */,
			);
			runOnlyForDeploymentPostprocessing = 0;
		};
/* End PBXResourcesBuildPhase section */

/* Begin PBXSourcesBuildPhase section */
		F579329B18B886950096E22D /* Sources */ = {
			isa = PBXSourcesBuildPhase;
			buildActionMask = 2147483647;
			files = (
				F57932B318B886950096E22D /* FFAppDelegate.m in Sources */,
				F5BD05BE18B8A45D00EE5B5D /* FFSelectGroundCompanyViewController.m in Sources */,
				F57932AF18B886950096E22D /* main.m in Sources */,
				F57932B918B886950096E22D /* FFViewController.m in Sources */,
			);
			runOnlyForDeploymentPostprocessing = 0;
		};
		F57932BC18B886950096E22D /* Sources */ = {
			isa = PBXSourcesBuildPhase;
			buildActionMask = 2147483647;
			files = (
				F57932CE18B886950096E22D /* FF__iConCreatorTests.m in Sources */,
			);
			runOnlyForDeploymentPostprocessing = 0;
		};
/* End PBXSourcesBuildPhase section */

/* Begin PBXTargetDependency section */
		F57932C618B886950096E22D /* PBXTargetDependency */ = {
			isa = PBXTargetDependency;
			target = F579329E18B886950096E22D /* FFⅩⅣiConCreator */;
			targetProxy = F57932C518B886950096E22D /* PBXContainerItemProxy */;
		};
/* End PBXTargetDependency section */

/* Begin PBXVariantGroup section */
		F57932AB18B886950096E22D /* InfoPlist.strings */ = {
			isa = PBXVariantGroup;
			children = (
				F57932AC18B886950096E22D /* en */,
			);
			name = InfoPlist.strings;
			sourceTree = "<group>";
		};
		F57932B418B886950096E22D /* Main.storyboard */ = {
			isa = PBXVariantGroup;
			children = (
				F57932B518B886950096E22D /* Base */,
			);
			name = Main.storyboard;
			sourceTree = "<group>";
		};
		F57932CA18B886950096E22D /* InfoPlist.strings */ = {
			isa = PBXVariantGroup;
			children = (
				F57932CB18B886950096E22D /* en */,
			);
			name = InfoPlist.strings;
			sourceTree = "<group>";
		};
/* End PBXVariantGroup section */

/* Begin XCBuildConfiguration section */
		F57932CF18B886950096E22D /* Debug */ = {
			isa = XCBuildConfiguration;
			buildSettings = {
				ALWAYS_SEARCH_USER_PATHS = NO;
				ARCHS = "$(ARCHS_STANDARD_INCLUDING_64_BIT)";
				CLANG_CXX_LANGUAGE_STANDARD = "gnu++0x";
				CLANG_CXX_LIBRARY = "libc++";
				CLANG_ENABLE_MODULES = YES;
				CLANG_ENABLE_OBJC_ARC = YES;
				CLANG_WARN_BOOL_CONVERSION = YES;
				CLANG_WARN_CONSTANT_CONVERSION = YES;
				CLANG_WARN_DIRECT_OBJC_ISA_USAGE = YES_ERROR;
				CLANG_WARN_EMPTY_BODY = YES;
				CLANG_WARN_ENUM_CONVERSION = YES;
				CLANG_WARN_INT_CONVERSION = YES;
				CLANG_WARN_OBJC_ROOT_CLASS = YES_ERROR;
				CLANG_WARN__DUPLICATE_METHOD_MATCH = YES;
				"CODE_SIGN_IDENTITY[sdk=iphoneos*]" = "iPhone Developer";
				COPY_PHASE_STRIP = NO;
				GCC_C_LANGUAGE_STANDARD = gnu99;
				GCC_DYNAMIC_NO_PIC = NO;
				GCC_OPTIMIZATION_LEVEL = 0;
				GCC_PREPROCESSOR_DEFINITIONS = (
					"DEBUG=1",
					"$(inherited)",
				);
				GCC_SYMBOLS_PRIVATE_EXTERN = NO;
				GCC_WARN_64_TO_32_BIT_CONVERSION = YES;
				GCC_WARN_ABOUT_RETURN_TYPE = YES_ERROR;
				GCC_WARN_UNDECLARED_SELECTOR = YES;
				GCC_WARN_UNINITIALIZED_AUTOS = YES;
				GCC_WARN_UNUSED_FUNCTION = YES;
				GCC_WARN_UNUSED_VARIABLE = YES;
				IPHONEOS_DEPLOYMENT_TARGET = 7.0;
				ONLY_ACTIVE_ARCH = YES;
				SDKROOT = iphoneos;
			};
			name = Debug;
		};
		F57932D018B886950096E22D /* Release */ = {
			isa = XCBuildConfiguration;
			buildSettings = {
				ALWAYS_SEARCH_USER_PATHS = NO;
				ARCHS = "$(ARCHS_STANDARD_INCLUDING_64_BIT)";
				CLANG_CXX_LANGUAGE_STANDARD = "gnu++0x";
				CLANG_CXX_LIBRARY = "libc++";
				CLANG_ENABLE_MODULES = YES;
				CLANG_ENABLE_OBJC_ARC = YES;
				CLANG_WARN_BOOL_CONVERSION = YES;
				CLANG_WARN_CONSTANT_CONVERSION = YES;
				CLANG_WARN_DIRECT_OBJC_ISA_USAGE = YES_ERROR;
				CLANG_WARN_EMPTY_BODY = YES;
				CLANG_WARN_ENUM_CONVERSION = YES;
				CLANG_WARN_INT_CONVERSION = YES;
				CLANG_WARN_OBJC_ROOT_CLASS = YES_ERROR;
				CLANG_WARN__DUPLICATE_METHOD_MATCH = YES;
				"CODE_SIGN_IDENTITY[sdk=iphoneos*]" = "iPhone Developer";
				COPY_PHASE_STRIP = YES;
				ENABLE_NS_ASSERTIONS = NO;
				GCC_C_LANGUAGE_STANDARD = gnu99;
				GCC_WARN_64_TO_32_BIT_CONVERSION = YES;
				GCC_WARN_ABOUT_RETURN_TYPE = YES_ERROR;
				GCC_WARN_UNDECLARED_SELECTOR = YES;
				GCC_WARN_UNINITIALIZED_AUTOS = YES;
				GCC_WARN_UNUSED_FUNCTION = YES;
				GCC_WARN_UNUSED_VARIABLE = YES;
				IPHONEOS_DEPLOYMENT_TARGET = 7.0;
				SDKROOT = iphoneos;
				VALIDATE_PRODUCT = YES;
			};
			name = Release;
		};
		F57932D218B886950096E22D /* Debug */ = {
			isa = XCBuildConfiguration;
			buildSettings = {
				ASSETCATALOG_COMPILER_APPICON_NAME = AppIcon;
				ASSETCATALOG_COMPILER_LAUNCHIMAGE_NAME = LaunchImage;
				GCC_PRECOMPILE_PREFIX_HEADER = YES;
				GCC_PREFIX_HEADER = "FFⅩⅣiConCreator/FFⅩⅣiConCreator-Prefix.pch";
				INFOPLIST_FILE = "FFⅩⅣiConCreator/FFⅩⅣiConCreator-Info.plist";
				PRODUCT_NAME = "$(TARGET_NAME)";
				WRAPPER_EXTENSION = app;
			};
			name = Debug;
		};
		F57932D318B886950096E22D /* Release */ = {
			isa = XCBuildConfiguration;
			buildSettings = {
				ASSETCATALOG_COMPILER_APPICON_NAME = AppIcon;
				ASSETCATALOG_COMPILER_LAUNCHIMAGE_NAME = LaunchImage;
				GCC_PRECOMPILE_PREFIX_HEADER = YES;
				GCC_PREFIX_HEADER = "FFⅩⅣiConCreator/FFⅩⅣiConCreator-Prefix.pch";
				INFOPLIST_FILE = "FFⅩⅣiConCreator/FFⅩⅣiConCreator-Info.plist";
				PRODUCT_NAME = "$(TARGET_NAME)";
				WRAPPER_EXTENSION = app;
			};
			name = Release;
		};
		F57932D518B886950096E22D /* Debug */ = {
			isa = XCBuildConfiguration;
			buildSettings = {
				ARCHS = "$(ARCHS_STANDARD_INCLUDING_64_BIT)";
				BUNDLE_LOADER = "$(BUILT_PRODUCTS_DIR)/FFⅩⅣiConCreator.app/FFⅩⅣiConCreator";
				FRAMEWORK_SEARCH_PATHS = (
					"$(SDKROOT)/Developer/Library/Frameworks",
					"$(inherited)",
					"$(DEVELOPER_FRAMEWORKS_DIR)",
				);
				GCC_PRECOMPILE_PREFIX_HEADER = YES;
				GCC_PREFIX_HEADER = "FFⅩⅣiConCreator/FFⅩⅣiConCreator-Prefix.pch";
				GCC_PREPROCESSOR_DEFINITIONS = (
					"DEBUG=1",
					"$(inherited)",
				);
				INFOPLIST_FILE = "FFⅩⅣiConCreatorTests/FFⅩⅣiConCreatorTests-Info.plist";
				PRODUCT_NAME = "$(TARGET_NAME)";
				TEST_HOST = "$(BUNDLE_LOADER)";
				WRAPPER_EXTENSION = xctest;
			};
			name = Debug;
		};
		F57932D618B886950096E22D /* Release */ = {
			isa = XCBuildConfiguration;
			buildSettings = {
				ARCHS = "$(ARCHS_STANDARD_INCLUDING_64_BIT)";
				BUNDLE_LOADER = "$(BUILT_PRODUCTS_DIR)/FFⅩⅣiConCreator.app/FFⅩⅣiConCreator";
				FRAMEWORK_SEARCH_PATHS = (
					"$(SDKROOT)/Developer/Library/Frameworks",
					"$(inherited)",
					"$(DEVELOPER_FRAMEWORKS_DIR)",
				);
				GCC_PRECOMPILE_PREFIX_HEADER = YES;
				GCC_PREFIX_HEADER = "FFⅩⅣiConCreator/FFⅩⅣiConCreator-Prefix.pch";
				INFOPLIST_FILE = "FFⅩⅣiConCreatorTests/FFⅩⅣiConCreatorTests-Info.plist";
				PRODUCT_NAME = "$(TARGET_NAME)";
				TEST_HOST = "$(BUNDLE_LOADER)";
				WRAPPER_EXTENSION = xctest;
			};
			name = Release;
		};
/* End XCBuildConfiguration section */

/* Begin XCConfigurationList section */
		F579329A18B886950096E22D /* Build configuration list for PBXProject "FFⅩⅣiConCreator" */ = {
			isa = XCConfigurationList;
			buildConfigurations = (
				F57932CF18B886950096E22D /* Debug */,
				F57932D018B886950096E22D /* Release */,
			);
			defaultConfigurationIsVisible = 0;
			defaultConfigurationName = Release;
		};
		F57932D118B886950096E22D /* Build configuration list for PBXNativeTarget "FFⅩⅣiConCreator" */ = {
			isa = XCConfigurationList;
			buildConfigurations = (
				F57932D218B886950096E22D /* Debug */,
				F57932D318B886950096E22D /* Release */,
			);
			defaultConfigurationIsVisible = 0;
			defaultConfigurationName = Release;
		};
		F57932D418B886950096E22D /* Build configuration list for PBXNativeTarget "FFⅩⅣiConCreatorTests" */ = {
			isa = XCConfigurationList;
			buildConfigurations = (
				F57932D518B886950096E22D /* Debug */,
				F57932D618B886950096E22D /* Release */,
			);
			defaultConfigurationIsVisible = 0;
			defaultConfigurationName = Release;
		};
/* End XCConfigurationList section */
	};
	rootObject = F579329718B886950096E22D /* Project object */;
}
